// !$*UTF8*$!
{
	archiveVersion = 1;
	classes = {
	};
	objectVersion = 50;
	objects = {

/* Begin PBXBuildFile section */
		42061F3A2475D0CA00E47631 /* AppDelegate.swift in Sources */ = {isa = PBXBuildFile; fileRef = 42061F392475D0CA00E47631 /* AppDelegate.swift */; };
		42061F3C2475D0CA00E47631 /* SceneDelegate.swift in Sources */ = {isa = PBXBuildFile; fileRef = 42061F3B2475D0CA00E47631 /* SceneDelegate.swift */; };
		42061F3E2475D0CA00E47631 /* ViewController.swift in Sources */ = {isa = PBXBuildFile; fileRef = 42061F3D2475D0CA00E47631 /* ViewController.swift */; };
		42061F412475D0CA00E47631 /* Main.storyboard in Resources */ = {isa = PBXBuildFile; fileRef = 42061F3F2475D0CA00E47631 /* Main.storyboard */; };
		42061F432475D0CC00E47631 /* Assets.xcassets in Resources */ = {isa = PBXBuildFile; fileRef = 42061F422475D0CC00E47631 /* Assets.xcassets */; };
		42061F462475D0CC00E47631 /* LaunchScreen.storyboard in Resources */ = {isa = PBXBuildFile; fileRef = 42061F442475D0CC00E47631 /* LaunchScreen.storyboard */; };
		42061F512475D0CD00E47631 /* jwplayer_ios_sdk_demoTests.swift in Sources */ = {isa = PBXBuildFile; fileRef = 42061F502475D0CD00E47631 /* jwplayer_ios_sdk_demoTests.swift */; };
		42061F5C2475D0CD00E47631 /* jwplayer_ios_sdk_demoUITests.swift in Sources */ = {isa = PBXBuildFile; fileRef = 42061F5B2475D0CD00E47631 /* jwplayer_ios_sdk_demoUITests.swift */; };
/* End PBXBuildFile section */

/* Begin PBXContainerItemProxy section */
		42061F4D2475D0CC00E47631 /* PBXContainerItemProxy */ = {
			isa = PBXContainerItemProxy;
			containerPortal = 42061F2E2475D0CA00E47631 /* Project object */;
			proxyType = 1;
			remoteGlobalIDString = 42061F352475D0CA00E47631;
			remoteInfo = jwplayer_ios_sdk_demo;
		};
		42061F582475D0CD00E47631 /* PBXContainerItemProxy */ = {
			isa = PBXContainerItemProxy;
			containerPortal = 42061F2E2475D0CA00E47631 /* Project object */;
			proxyType = 1;
			remoteGlobalIDString = 42061F352475D0CA00E47631;
			remoteInfo = jwplayer_ios_sdk_demo;
		};
/* End PBXContainerItemProxy section */

/* Begin PBXFileReference section */
		42061F362475D0CA00E47631 /* jwplayer_ios_sdk_demo.app */ = {isa = PBXFileReference; explicitFileType = wrapper.application; includeInIndex = 0; path = jwplayer_ios_sdk_demo.app; sourceTree = BUILT_PRODUCTS_DIR; };
		42061F392475D0CA00E47631 /* AppDelegate.swift */ = {isa = PBXFileReference; lastKnownFileType = sourcecode.swift; path = AppDelegate.swift; sourceTree = "<group>"; };
		42061F3B2475D0CA00E47631 /* SceneDelegate.swift */ = {isa = PBXFileReference; lastKnownFileType = sourcecode.swift; path = SceneDelegate.swift; sourceTree = "<group>"; };
		42061F3D2475D0CA00E47631 /* ViewController.swift */ = {isa = PBXFileReference; lastKnownFileType = sourcecode.swift; path = ViewController.swift; sourceTree = "<group>"; };
		42061F402475D0CA00E47631 /* Base */ = {isa = PBXFileReference; lastKnownFileType = file.storyboard; name = Base; path = Base.lproj/Main.storyboard; sourceTree = "<group>"; };
		42061F422475D0CC00E47631 /* Assets.xcassets */ = {isa = PBXFileReference; lastKnownFileType = folder.assetcatalog; path = Assets.xcassets; sourceTree = "<group>"; };
		42061F452475D0CC00E47631 /* Base */ = {isa = PBXFileReference; lastKnownFileType = file.storyboard; name = Base; path = Base.lproj/LaunchScreen.storyboard; sourceTree = "<group>"; };
		42061F472475D0CC00E47631 /* Info.plist */ = {isa = PBXFileReference; lastKnownFileType = text.plist.xml; path = Info.plist; sourceTree = "<group>"; };
		42061F4C2475D0CC00E47631 /* jwplayer_ios_sdk_demoTests.xctest */ = {isa = PBXFileReference; explicitFileType = wrapper.cfbundle; includeInIndex = 0; path = jwplayer_ios_sdk_demoTests.xctest; sourceTree = BUILT_PRODUCTS_DIR; };
		42061F502475D0CD00E47631 /* jwplayer_ios_sdk_demoTests.swift */ = {isa = PBXFileReference; lastKnownFileType = sourcecode.swift; path = jwplayer_ios_sdk_demoTests.swift; sourceTree = "<group>"; };
		42061F522475D0CD00E47631 /* Info.plist */ = {isa = PBXFileReference; lastKnownFileType = text.plist.xml; path = Info.plist; sourceTree = "<group>"; };
		42061F572475D0CD00E47631 /* jwplayer_ios_sdk_demoUITests.xctest */ = {isa = PBXFileReference; explicitFileType = wrapper.cfbundle; includeInIndex = 0; path = jwplayer_ios_sdk_demoUITests.xctest; sourceTree = BUILT_PRODUCTS_DIR; };
		42061F5B2475D0CD00E47631 /* jwplayer_ios_sdk_demoUITests.swift */ = {isa = PBXFileReference; lastKnownFileType = sourcecode.swift; path = jwplayer_ios_sdk_demoUITests.swift; sourceTree = "<group>"; };
		42061F5D2475D0CD00E47631 /* Info.plist */ = {isa = PBXFileReference; lastKnownFileType = text.plist.xml; path = Info.plist; sourceTree = "<group>"; };
/* End PBXFileReference section */

/* Begin PBXFrameworksBuildPhase section */
		42061F332475D0CA00E47631 /* Frameworks */ = {
			isa = PBXFrameworksBuildPhase;
			buildActionMask = 2147483647;
			files = (
			);
			runOnlyForDeploymentPostprocessing = 0;
		};
		42061F492475D0CC00E47631 /* Frameworks */ = {
			isa = PBXFrameworksBuildPhase;
			buildActionMask = 2147483647;
			files = (
			);
			runOnlyForDeploymentPostprocessing = 0;
		};
		42061F542475D0CD00E47631 /* Frameworks */ = {
			isa = PBXFrameworksBuildPhase;
			buildActionMask = 2147483647;
			files = (
			);
			runOnlyForDeploymentPostprocessing = 0;
		};
/* End PBXFrameworksBuildPhase section */

/* Begin PBXGroup section */
		42061F2D2475D0CA00E47631 = {
			isa = PBXGroup;
			children = (
				42061F382475D0CA00E47631 /* jwplayer_ios_sdk_demo */,
				42061F4F2475D0CC00E47631 /* jwplayer_ios_sdk_demoTests */,
				42061F5A2475D0CD00E47631 /* jwplayer_ios_sdk_demoUITests */,
				42061F372475D0CA00E47631 /* Products */,
				42061F692475D0DC00E47631 /* Frameworks */,
			);
			sourceTree = "<group>";
		};
		42061F372475D0CA00E47631 /* Products */ = {
			isa = PBXGroup;
			children = (
				42061F362475D0CA00E47631 /* jwplayer_ios_sdk_demo.app */,
				42061F4C2475D0CC00E47631 /* jwplayer_ios_sdk_demoTests.xctest */,
				42061F572475D0CD00E47631 /* jwplayer_ios_sdk_demoUITests.xctest */,
			);
			name = Products;
			sourceTree = "<group>";
		};
		42061F382475D0CA00E47631 /* jwplayer_ios_sdk_demo */ = {
			isa = PBXGroup;
			children = (
				42061F392475D0CA00E47631 /* AppDelegate.swift */,
				42061F3B2475D0CA00E47631 /* SceneDelegate.swift */,
				42061F3D2475D0CA00E47631 /* ViewController.swift */,
				42061F3F2475D0CA00E47631 /* Main.storyboard */,
				42061F422475D0CC00E47631 /* Assets.xcassets */,
				42061F442475D0CC00E47631 /* LaunchScreen.storyboard */,
				42061F472475D0CC00E47631 /* Info.plist */,
			);
			path = jwplayer_ios_sdk_demo;
			sourceTree = "<group>";
		};
		42061F4F2475D0CC00E47631 /* jwplayer_ios_sdk_demoTests */ = {
			isa = PBXGroup;
			children = (
				42061F502475D0CD00E47631 /* jwplayer_ios_sdk_demoTests.swift */,
				42061F522475D0CD00E47631 /* Info.plist */,
			);
			path = jwplayer_ios_sdk_demoTests;
			sourceTree = "<group>";
		};
		42061F5A2475D0CD00E47631 /* jwplayer_ios_sdk_demoUITests */ = {
			isa = PBXGroup;
			children = (
				42061F5B2475D0CD00E47631 /* jwplayer_ios_sdk_demoUITests.swift */,
				42061F5D2475D0CD00E47631 /* Info.plist */,
			);
			path = jwplayer_ios_sdk_demoUITests;
			sourceTree = "<group>";
		};
		42061F692475D0DC00E47631 /* Frameworks */ = {
			isa = PBXGroup;
			children = (
			);
			name = Frameworks;
			sourceTree = "<group>";
		};
/* End PBXGroup section */

/* Begin PBXNativeTarget section */
		42061F352475D0CA00E47631 /* jwplayer_ios_sdk_demo */ = {
			isa = PBXNativeTarget;
			buildConfigurationList = 42061F602475D0CD00E47631 /* Build configuration list for PBXNativeTarget "jwplayer_ios_sdk_demo" */;
			buildPhases = (
				42061F322475D0CA00E47631 /* Sources */,
				42061F332475D0CA00E47631 /* Frameworks */,
				42061F342475D0CA00E47631 /* Resources */,
			);
			buildRules = (
			);
			dependencies = (
			);
			name = jwplayer_ios_sdk_demo;
			productName = jwplayer_ios_sdk_demo;
			productReference = 42061F362475D0CA00E47631 /* jwplayer_ios_sdk_demo.app */;
			productType = "com.apple.product-type.application";
		};
		42061F4B2475D0CC00E47631 /* jwplayer_ios_sdk_demoTests */ = {
			isa = PBXNativeTarget;
			buildConfigurationList = 42061F632475D0CD00E47631 /* Build configuration list for PBXNativeTarget "jwplayer_ios_sdk_demoTests" */;
			buildPhases = (
				42061F482475D0CC00E47631 /* Sources */,
				42061F492475D0CC00E47631 /* Frameworks */,
				42061F4A2475D0CC00E47631 /* Resources */,
			);
			buildRules = (
			);
			dependencies = (
				42061F4E2475D0CC00E47631 /* PBXTargetDependency */,
			);
			name = jwplayer_ios_sdk_demoTests;
			productName = jwplayer_ios_sdk_demoTests;
			productReference = 42061F4C2475D0CC00E47631 /* jwplayer_ios_sdk_demoTests.xctest */;
			productType = "com.apple.product-type.bundle.unit-test";
		};
		42061F562475D0CD00E47631 /* jwplayer_ios_sdk_demoUITests */ = {
			isa = PBXNativeTarget;
			buildConfigurationList = 42061F662475D0CD00E47631 /* Build configuration list for PBXNativeTarget "jwplayer_ios_sdk_demoUITests" */;
			buildPhases = (
				42061F532475D0CD00E47631 /* Sources */,
				42061F542475D0CD00E47631 /* Frameworks */,
				42061F552475D0CD00E47631 /* Resources */,
			);
			buildRules = (
			);
			dependencies = (
				42061F592475D0CD00E47631 /* PBXTargetDependency */,
			);
			name = jwplayer_ios_sdk_demoUITests;
			productName = jwplayer_ios_sdk_demoUITests;
			productReference = 42061F572475D0CD00E47631 /* jwplayer_ios_sdk_demoUITests.xctest */;
			productType = "com.apple.product-type.bundle.ui-testing";
		};
/* End PBXNativeTarget section */

/* Begin PBXProject section */
		42061F2E2475D0CA00E47631 /* Project object */ = {
			isa = PBXProject;
			attributes = {
				LastSwiftUpdateCheck = 1140;
				LastUpgradeCheck = 1140;
				ORGANIZATIONNAME = JWPlayer;
				TargetAttributes = {
					42061F352475D0CA00E47631 = {
						CreatedOnToolsVersion = 11.4.1;
					};
					42061F4B2475D0CC00E47631 = {
						CreatedOnToolsVersion = 11.4.1;
						TestTargetID = 42061F352475D0CA00E47631;
					};
					42061F562475D0CD00E47631 = {
						CreatedOnToolsVersion = 11.4.1;
						TestTargetID = 42061F352475D0CA00E47631;
					};
				};
			};
			buildConfigurationList = 42061F312475D0CA00E47631 /* Build configuration list for PBXProject "jwplayer_ios_sdk_demo" */;
			compatibilityVersion = "Xcode 9.3";
			developmentRegion = en;
			hasScannedForEncodings = 0;
			knownRegions = (
				en,
				Base,
			);
			mainGroup = 42061F2D2475D0CA00E47631;
			productRefGroup = 42061F372475D0CA00E47631 /* Products */;
			projectDirPath = "";
			projectRoot = "";
			targets = (
				42061F352475D0CA00E47631 /* jwplayer_ios_sdk_demo */,
				42061F4B2475D0CC00E47631 /* jwplayer_ios_sdk_demoTests */,
				42061F562475D0CD00E47631 /* jwplayer_ios_sdk_demoUITests */,
			);
		};
/* End PBXProject section */

/* Begin PBXResourcesBuildPhase section */
		42061F342475D0CA00E47631 /* Resources */ = {
			isa = PBXResourcesBuildPhase;
			buildActionMask = 2147483647;
			files = (
				42061F462475D0CC00E47631 /* LaunchScreen.storyboard in Resources */,
				42061F432475D0CC00E47631 /* Assets.xcassets in Resources */,
				42061F412475D0CA00E47631 /* Main.storyboard in Resources */,
			);
			runOnlyForDeploymentPostprocessing = 0;
		};
		42061F4A2475D0CC00E47631 /* Resources */ = {
			isa = PBXResourcesBuildPhase;
			buildActionMask = 2147483647;
			files = (
			);
			runOnlyForDeploymentPostprocessing = 0;
		};
		42061F552475D0CD00E47631 /* Resources */ = {
			isa = PBXResourcesBuildPhase;
			buildActionMask = 2147483647;
			files = (
			);
			runOnlyForDeploymentPostprocessing = 0;
		};
/* End PBXResourcesBuildPhase section */

/* Begin PBXSourcesBuildPhase section */
		42061F322475D0CA00E47631 /* Sources */ = {
			isa = PBXSourcesBuildPhase;
			buildActionMask = 2147483647;
			files = (
				42061F3E2475D0CA00E47631 /* ViewController.swift in Sources */,
				42061F3A2475D0CA00E47631 /* AppDelegate.swift in Sources */,
				42061F3C2475D0CA00E47631 /* SceneDelegate.swift in Sources */,
			);
			runOnlyForDeploymentPostprocessing = 0;
		};
		42061F482475D0CC00E47631 /* Sources */ = {
			isa = PBXSourcesBuildPhase;
			buildActionMask = 2147483647;
			files = (
				42061F512475D0CD00E47631 /* jwplayer_ios_sdk_demoTests.swift in Sources */,
			);
			runOnlyForDeploymentPostprocessing = 0;
		};
		42061F532475D0CD00E47631 /* Sources */ = {
			isa = PBXSourcesBuildPhase;
			buildActionMask = 2147483647;
			files = (
				42061F5C2475D0CD00E47631 /* jwplayer_ios_sdk_demoUITests.swift in Sources */,
			);
			runOnlyForDeploymentPostprocessing = 0;
		};
/* End PBXSourcesBuildPhase section */

/* Begin PBXTargetDependency section */
		42061F4E2475D0CC00E47631 /* PBXTargetDependency */ = {
			isa = PBXTargetDependency;
			target = 42061F352475D0CA00E47631 /* jwplayer_ios_sdk_demo */;
			targetProxy = 42061F4D2475D0CC00E47631 /* PBXContainerItemProxy */;
		};
		42061F592475D0CD00E47631 /* PBXTargetDependency */ = {
			isa = PBXTargetDependency;
			target = 42061F352475D0CA00E47631 /* jwplayer_ios_sdk_demo */;
			targetProxy = 42061F582475D0CD00E47631 /* PBXContainerItemProxy */;
		};
/* End PBXTargetDependency section */

/* Begin PBXVariantGroup section */
		42061F3F2475D0CA00E47631 /* Main.storyboard */ = {
			isa = PBXVariantGroup;
			children = (
				42061F402475D0CA00E47631 /* Base */,
			);
			name = Main.storyboard;
			sourceTree = "<group>";
		};
		42061F442475D0CC00E47631 /* LaunchScreen.storyboard */ = {
			isa = PBXVariantGroup;
			children = (
				42061F452475D0CC00E47631 /* Base */,
			);
			name = LaunchScreen.storyboard;
			sourceTree = "<group>";
		};
/* End PBXVariantGroup section */

/* Begin XCBuildConfiguration section */
		42061F5E2475D0CD00E47631 /* Debug */ = {
			isa = XCBuildConfiguration;
			buildSettings = {
				ALWAYS_SEARCH_USER_PATHS = NO;
				CLANG_ANALYZER_NONNULL = YES;
				CLANG_ANALYZER_NUMBER_OBJECT_CONVERSION = YES_AGGRESSIVE;
				CLANG_CXX_LANGUAGE_STANDARD = "gnu++14";
				CLANG_CXX_LIBRARY = "libc++";
				CLANG_ENABLE_MODULES = YES;
				CLANG_ENABLE_OBJC_ARC = YES;
				CLANG_ENABLE_OBJC_WEAK = YES;
				CLANG_WARN_BLOCK_CAPTURE_AUTORELEASING = YES;
				CLANG_WARN_BOOL_CONVERSION = YES;
				CLANG_WARN_COMMA = YES;
				CLANG_WARN_CONSTANT_CONVERSION = YES;
				CLANG_WARN_DEPRECATED_OBJC_IMPLEMENTATIONS = YES;
				CLANG_WARN_DIRECT_OBJC_ISA_USAGE = YES_ERROR;
				CLANG_WARN_DOCUMENTATION_COMMENTS = YES;
				CLANG_WARN_EMPTY_BODY = YES;
				CLANG_WARN_ENUM_CONVERSION = YES;
				CLANG_WARN_INFINITE_RECURSION = YES;
				CLANG_WARN_INT_CONVERSION = YES;
				CLANG_WARN_NON_LITERAL_NULL_CONVERSION = YES;
				CLANG_WARN_OBJC_IMPLICIT_RETAIN_SELF = YES;
				CLANG_WARN_OBJC_LITERAL_CONVERSION = YES;
				CLANG_WARN_OBJC_ROOT_CLASS = YES_ERROR;
				CLANG_WARN_RANGE_LOOP_ANALYSIS = YES;
				CLANG_WARN_STRICT_PROTOTYPES = YES;
				CLANG_WARN_SUSPICIOUS_MOVE = YES;
				CLANG_WARN_UNGUARDED_AVAILABILITY = YES_AGGRESSIVE;
				CLANG_WARN_UNREACHABLE_CODE = YES;
				CLANG_WARN__DUPLICATE_METHOD_MATCH = YES;
				COPY_PHASE_STRIP = NO;
				DEBUG_INFORMATION_FORMAT = dwarf;
				ENABLE_STRICT_OBJC_MSGSEND = YES;
				ENABLE_TESTABILITY = YES;
				GCC_C_LANGUAGE_STANDARD = gnu11;
				GCC_DYNAMIC_NO_PIC = NO;
				GCC_NO_COMMON_BLOCKS = YES;
				GCC_OPTIMIZATION_LEVEL = 0;
				GCC_PREPROCESSOR_DEFINITIONS = (
					"DEBUG=1",
					"$(inherited)",
				);
				GCC_WARN_64_TO_32_BIT_CONVERSION = YES;
				GCC_WARN_ABOUT_RETURN_TYPE = YES_ERROR;
				GCC_WARN_UNDECLARED_SELECTOR = YES;
				GCC_WARN_UNINITIALIZED_AUTOS = YES_AGGRESSIVE;
				GCC_WARN_UNUSED_FUNCTION = YES;
				GCC_WARN_UNUSED_VARIABLE = YES;
				IPHONEOS_DEPLOYMENT_TARGET = 13.4;
				MTL_ENABLE_DEBUG_INFO = INCLUDE_SOURCE;
				MTL_FAST_MATH = YES;
				ONLY_ACTIVE_ARCH = YES;
				SDKROOT = iphoneos;
				SWIFT_ACTIVE_COMPILATION_CONDITIONS = DEBUG;
				SWIFT_OPTIMIZATION_LEVEL = "-Onone";
			};
			name = Debug;
		};
		42061F5F2475D0CD00E47631 /* Release */ = {
			isa = XCBuildConfiguration;
			buildSettings = {
				ALWAYS_SEARCH_USER_PATHS = NO;
				CLANG_ANALYZER_NONNULL = YES;
				CLANG_ANALYZER_NUMBER_OBJECT_CONVERSION = YES_AGGRESSIVE;
				CLANG_CXX_LANGUAGE_STANDARD = "gnu++14";
				CLANG_CXX_LIBRARY = "libc++";
				CLANG_ENABLE_MODULES = YES;
				CLANG_ENABLE_OBJC_ARC = YES;
				CLANG_ENABLE_OBJC_WEAK = YES;
				CLANG_WARN_BLOCK_CAPTURE_AUTORELEASING = YES;
				CLANG_WARN_BOOL_CONVERSION = YES;
				CLANG_WARN_COMMA = YES;
				CLANG_WARN_CONSTANT_CONVERSION = YES;
				CLANG_WARN_DEPRECATED_OBJC_IMPLEMENTATIONS = YES;
				CLANG_WARN_DIRECT_OBJC_ISA_USAGE = YES_ERROR;
				CLANG_WARN_DOCUMENTATION_COMMENTS = YES;
				CLANG_WARN_EMPTY_BODY = YES;
				CLANG_WARN_ENUM_CONVERSION = YES;
				CLANG_WARN_INFINITE_RECURSION = YES;
				CLANG_WARN_INT_CONVERSION = YES;
				CLANG_WARN_NON_LITERAL_NULL_CONVERSION = YES;
				CLANG_WARN_OBJC_IMPLICIT_RETAIN_SELF = YES;
				CLANG_WARN_OBJC_LITERAL_CONVERSION = YES;
				CLANG_WARN_OBJC_ROOT_CLASS = YES_ERROR;
				CLANG_WARN_RANGE_LOOP_ANALYSIS = YES;
				CLANG_WARN_STRICT_PROTOTYPES = YES;
				CLANG_WARN_SUSPICIOUS_MOVE = YES;
				CLANG_WARN_UNGUARDED_AVAILABILITY = YES_AGGRESSIVE;
				CLANG_WARN_UNREACHABLE_CODE = YES;
				CLANG_WARN__DUPLICATE_METHOD_MATCH = YES;
				COPY_PHASE_STRIP = NO;
				DEBUG_INFORMATION_FORMAT = "dwarf-with-dsym";
				ENABLE_NS_ASSERTIONS = NO;
				ENABLE_STRICT_OBJC_MSGSEND = YES;
				GCC_C_LANGUAGE_STANDARD = gnu11;
				GCC_NO_COMMON_BLOCKS = YES;
				GCC_WARN_64_TO_32_BIT_CONVERSION = YES;
				GCC_WARN_ABOUT_RETURN_TYPE = YES_ERROR;
				GCC_WARN_UNDECLARED_SELECTOR = YES;
				GCC_WARN_UNINITIALIZED_AUTOS = YES_AGGRESSIVE;
				GCC_WARN_UNUSED_FUNCTION = YES;
				GCC_WARN_UNUSED_VARIABLE = YES;
				IPHONEOS_DEPLOYMENT_TARGET = 13.4;
				MTL_ENABLE_DEBUG_INFO = NO;
				MTL_FAST_MATH = YES;
				SDKROOT = iphoneos;
				SWIFT_COMPILATION_MODE = wholemodule;
				SWIFT_OPTIMIZATION_LEVEL = "-O";
				VALIDATE_PRODUCT = YES;
			};
			name = Release;
		};
		42061F612475D0CD00E47631 /* Debug */ = {
			isa = XCBuildConfiguration;
			buildSettings = {
				ASSETCATALOG_COMPILER_APPICON_NAME = AppIcon;
				CODE_SIGN_STYLE = Automatic;
				DEVELOPMENT_TEAM = GB658HTQ2Q;
				INFOPLIST_FILE = jwplayer_ios_sdk_demo/Info.plist;
				LD_RUNPATH_SEARCH_PATHS = (
					"$(inherited)",
					"@executable_path/Frameworks",
				);
				PRODUCT_BUNDLE_IDENTIFIER = "com.jwplayer.kurt.jwplayer-ios-sdk-demo";
				PRODUCT_NAME = "$(TARGET_NAME)";
				SWIFT_VERSION = 5.0;
				TARGETED_DEVICE_FAMILY = "1,2";
			};
			name = Debug;
		};
		42061F622475D0CD00E47631 /* Release */ = {
			isa = XCBuildConfiguration;
			buildSettings = {
				ASSETCATALOG_COMPILER_APPICON_NAME = AppIcon;
				CODE_SIGN_STYLE = Automatic;
				DEVELOPMENT_TEAM = GB658HTQ2Q;
				INFOPLIST_FILE = jwplayer_ios_sdk_demo/Info.plist;
				LD_RUNPATH_SEARCH_PATHS = (
					"$(inherited)",
					"@executable_path/Frameworks",
				);
				PRODUCT_BUNDLE_IDENTIFIER = "com.jwplayer.kurt.jwplayer-ios-sdk-demo";
				PRODUCT_NAME = "$(TARGET_NAME)";
				SWIFT_VERSION = 5.0;
				TARGETED_DEVICE_FAMILY = "1,2";
			};
			name = Release;
		};
		42061F642475D0CD00E47631 /* Debug */ = {
			isa = XCBuildConfiguration;
			buildSettings = {
				ALWAYS_EMBED_SWIFT_STANDARD_LIBRARIES = YES;
				BUNDLE_LOADER = "$(TEST_HOST)";
				CODE_SIGN_STYLE = Automatic;
				DEVELOPMENT_TEAM = GB658HTQ2Q;
				INFOPLIST_FILE = jwplayer_ios_sdk_demoTests/Info.plist;
				IPHONEOS_DEPLOYMENT_TARGET = 13.4;
				LD_RUNPATH_SEARCH_PATHS = (
					"$(inherited)",
					"@executable_path/Frameworks",
					"@loader_path/Frameworks",
				);
				PRODUCT_BUNDLE_IDENTIFIER = "com.jwplayer.kurt.jwplayer-ios-sdk-demoTests";
				PRODUCT_NAME = "$(TARGET_NAME)";
				SWIFT_VERSION = 5.0;
				TARGETED_DEVICE_FAMILY = "1,2";
				TEST_HOST = "$(BUILT_PRODUCTS_DIR)/jwplayer_ios_sdk_demo.app/jwplayer_ios_sdk_demo";
			};
			name = Debug;
		};
		42061F652475D0CD00E47631 /* Release */ = {
			isa = XCBuildConfiguration;
			buildSettings = {
				ALWAYS_EMBED_SWIFT_STANDARD_LIBRARIES = YES;
				BUNDLE_LOADER = "$(TEST_HOST)";
				CODE_SIGN_STYLE = Automatic;
				DEVELOPMENT_TEAM = GB658HTQ2Q;
				INFOPLIST_FILE = jwplayer_ios_sdk_demoTests/Info.plist;
				IPHONEOS_DEPLOYMENT_TARGET = 13.4;
				LD_RUNPATH_SEARCH_PATHS = (
					"$(inherited)",
					"@executable_path/Frameworks",
					"@loader_path/Frameworks",
				);
				PRODUCT_BUNDLE_IDENTIFIER = "com.jwplayer.kurt.jwplayer-ios-sdk-demoTests";
				PRODUCT_NAME = "$(TARGET_NAME)";
				SWIFT_VERSION = 5.0;
				TARGETED_DEVICE_FAMILY = "1,2";
				TEST_HOST = "$(BUILT_PRODUCTS_DIR)/jwplayer_ios_sdk_demo.app/jwplayer_ios_sdk_demo";
			};
			name = Release;
		};
		42061F672475D0CD00E47631 /* Debug */ = {
			isa = XCBuildConfiguration;
			buildSettings = {
				ALWAYS_EMBED_SWIFT_STANDARD_LIBRARIES = YES;
				CODE_SIGN_STYLE = Automatic;
				DEVELOPMENT_TEAM = GB658HTQ2Q;
				INFOPLIST_FILE = jwplayer_ios_sdk_demoUITests/Info.plist;
				LD_RUNPATH_SEARCH_PATHS = (
					"$(inherited)",
					"@executable_path/Frameworks",
					"@loader_path/Frameworks",
				);
				PRODUCT_BUNDLE_IDENTIFIER = "com.jwplayer.kurt.jwplayer-ios-sdk-demoUITests";
				PRODUCT_NAME = "$(TARGET_NAME)";
				SWIFT_VERSION = 5.0;
				TARGETED_DEVICE_FAMILY = "1,2";
				TEST_TARGET_NAME = jwplayer_ios_sdk_demo;
			};
			name = Debug;
		};
		42061F682475D0CD00E47631 /* Release */ = {
			isa = XCBuildConfiguration;
			buildSettings = {
				ALWAYS_EMBED_SWIFT_STANDARD_LIBRARIES = YES;
				CODE_SIGN_STYLE = Automatic;
				DEVELOPMENT_TEAM = GB658HTQ2Q;
				INFOPLIST_FILE = jwplayer_ios_sdk_demoUITests/Info.plist;
				LD_RUNPATH_SEARCH_PATHS = (
					"$(inherited)",
					"@executable_path/Frameworks",
					"@loader_path/Frameworks",
				);
				PRODUCT_BUNDLE_IDENTIFIER = "com.jwplayer.kurt.jwplayer-ios-sdk-demoUITests";
				PRODUCT_NAME = "$(TARGET_NAME)";
				SWIFT_VERSION = 5.0;
				TARGETED_DEVICE_FAMILY = "1,2";
				TEST_TARGET_NAME = jwplayer_ios_sdk_demo;
			};
			name = Release;
		};
/* End XCBuildConfiguration section */

/* Begin XCConfigurationList section */
		42061F312475D0CA00E47631 /* Build configuration list for PBXProject "jwplayer_ios_sdk_demo" */ = {
			isa = XCConfigurationList;
			buildConfigurations = (
				42061F5E2475D0CD00E47631 /* Debug */,
				42061F5F2475D0CD00E47631 /* Release */,
			);
			defaultConfigurationIsVisible = 0;
			defaultConfigurationName = Release;
		};
		42061F602475D0CD00E47631 /* Build configuration list for PBXNativeTarget "jwplayer_ios_sdk_demo" */ = {
			isa = XCConfigurationList;
			buildConfigurations = (
				42061F612475D0CD00E47631 /* Debug */,
				42061F622475D0CD00E47631 /* Release */,
			);
			defaultConfigurationIsVisible = 0;
			defaultConfigurationName = Release;
		};
		42061F632475D0CD00E47631 /* Build configuration list for PBXNativeTarget "jwplayer_ios_sdk_demoTests" */ = {
			isa = XCConfigurationList;
			buildConfigurations = (
				42061F642475D0CD00E47631 /* Debug */,
				42061F652475D0CD00E47631 /* Release */,
			);
			defaultConfigurationIsVisible = 0;
			defaultConfigurationName = Release;
		};
		42061F662475D0CD00E47631 /* Build configuration list for PBXNativeTarget "jwplayer_ios_sdk_demoUITests" */ = {
			isa = XCConfigurationList;
			buildConfigurations = (
				42061F672475D0CD00E47631 /* Debug */,
				42061F682475D0CD00E47631 /* Release */,
			);
			defaultConfigurationIsVisible = 0;
			defaultConfigurationName = Release;
		};
/* End XCConfigurationList section */
	};
	rootObject = 42061F2E2475D0CA00E47631 /* Project object */;
}
